
Microsoft Visual Studio Solution File, Format Version 12.00
# Visual Studio Version 17
VisualStudioVersion = 17.5.33516.290
MinimumVisualStudioVersion = 10.0.40219.1
Project("{9A19103F-16F7-4668-BE54-9A1E7A4F7556}") = "myllah-recettes", "myllah-recettes.csproj", "{A64E0A12-7EA9-46BD-801E-6C0F2A403FA5}"
EndProject
Project("{2150E333-8FDC-42A3-9474-1A3956D46DE8}") = "Client", "Client", "{12E856CE-3A2B-4173-B4D6-9302ECFEBC96}"
EndProject
Global
	GlobalSection(SolutionConfigurationPlatforms) = preSolution
		Debug|Any CPU = Debug|Any CPU
		Release|Any CPU = Release|Any CPU
	EndGlobalSection
	GlobalSection(ProjectConfigurationPlatforms) = postSolution
		{A64E0A12-7EA9-46BD-801E-6C0F2A403FA5}.Debug|Any CPU.ActiveCfg = Debug|Any CPU
		{A64E0A12-7EA9-46BD-801E-6C0F2A403FA5}.Debug|Any CPU.Build.0 = Debug|Any CPU
		{A64E0A12-7EA9-46BD-801E-6C0F2A403FA5}.Release|Any CPU.ActiveCfg = Release|Any CPU
		{A64E0A12-7EA9-46BD-801E-6C0F2A403FA5}.Release|Any CPU.Build.0 = Release|Any CPU
	EndGlobalSection
	GlobalSection(SolutionProperties) = preSolution
		HideSolutionNode = FALSE
	EndGlobalSection
	GlobalSection(NestedProjects) = preSolution
		{A64E0A12-7EA9-46BD-801E-6C0F2A403FA5} = {12E856CE-3A2B-4173-B4D6-9302ECFEBC96}
	EndGlobalSection
	GlobalSection(ExtensibilityGlobals) = postSolution
		SolutionGuid = {2F58D6C6-0E1A-4C32-88F5-BCD1756828BE}
	EndGlobalSection
EndGlobal
